// !$*UTF8*$!
{
	archiveVersion = 1;
	classes = {
	};
	objectVersion = 48;
	objects = {

/* Begin PBXBuildFile section */
		4A65A4DA20402EDA00C6B386 /* AppDelegate.swift in Sources */ = {isa = PBXBuildFile; fileRef = 4A65A4D920402EDA00C6B386 /* AppDelegate.swift */; };
		4A65A4DC20402EDA00C6B386 /* ViewController.swift in Sources */ = {isa = PBXBuildFile; fileRef = 4A65A4DB20402EDA00C6B386 /* ViewController.swift */; };
		4A65A4DF20402EDA00C6B386 /* Main.storyboard in Resources */ = {isa = PBXBuildFile; fileRef = 4A65A4DD20402EDA00C6B386 /* Main.storyboard */; };
		4A65A4E120402EDA00C6B386 /* Assets.xcassets in Resources */ = {isa = PBXBuildFile; fileRef = 4A65A4E020402EDA00C6B386 /* Assets.xcassets */; };
		4A65A4E420402EDA00C6B386 /* LaunchScreen.storyboard in Resources */ = {isa = PBXBuildFile; fileRef = 4A65A4E220402EDA00C6B386 /* LaunchScreen.storyboard */; };
/* End PBXBuildFile section */

/* Begin PBXFileReference section */
		4A65A4D620402EDA00C6B386 /* udder.app */ = {isa = PBXFileReference; explicitFileType = wrapper.application; includeInIndex = 0; path = udder.app; sourceTree = BUILT_PRODUCTS_DIR; };
		4A65A4D920402EDA00C6B386 /* AppDelegate.swift */ = {isa = PBXFileReference; lastKnownFileType = sourcecode.swift; path = AppDelegate.swift; sourceTree = "<group>"; };
		4A65A4DB20402EDA00C6B386 /* ViewController.swift */ = {isa = PBXFileReference; lastKnownFileType = sourcecode.swift; path = ViewController.swift; sourceTree = "<group>"; };
		4A65A4DE20402EDA00C6B386 /* Base */ = {isa = PBXFileReference; lastKnownFileType = file.storyboard; name = Base; path = Base.lproj/Main.storyboard; sourceTree = "<group>"; };
		4A65A4E020402EDA00C6B386 /* Assets.xcassets */ = {isa = PBXFileReference; lastKnownFileType = folder.assetcatalog; path = Assets.xcassets; sourceTree = "<group>"; };
		4A65A4E320402EDA00C6B386 /* Base */ = {isa = PBXFileReference; lastKnownFileType = file.storyboard; name = Base; path = Base.lproj/LaunchScreen.storyboard; sourceTree = "<group>"; };
		4A65A4E520402EDA00C6B386 /* Info.plist */ = {isa = PBXFileReference; lastKnownFileType = text.plist.xml; path = Info.plist; sourceTree = "<group>"; };
/* End PBXFileReference section */

/* Begin PBXFrameworksBuildPhase section */
		4A65A4D320402EDA00C6B386 /* Frameworks */ = {
			isa = PBXFrameworksBuildPhase;
			buildActionMask = 2147483647;
			files = (
			);
			runOnlyForDeploymentPostprocessing = 0;
		};
/* End PBXFrameworksBuildPhase section */

/* Begin PBXGroup section */
		4A65A4CD20402EDA00C6B386 = {
			isa = PBXGroup;
			children = (
				4A65A4D820402EDA00C6B386 /* udder */,
				4A65A4D720402EDA00C6B386 /* Products */,
			);
			sourceTree = "<group>";
		};
		4A65A4D720402EDA00C6B386 /* Products */ = {
			isa = PBXGroup;
			children = (
				4A65A4D620402EDA00C6B386 /* udder.app */,
			);
			name = Products;
			sourceTree = "<group>";
		};
		4A65A4D820402EDA00C6B386 /* udder */ = {
			isa = PBXGroup;
			children = (
				4A65A4D920402EDA00C6B386 /* AppDelegate.swift */,
				4A65A4DB20402EDA00C6B386 /* ViewController.swift */,
				4A65A4DD20402EDA00C6B386 /* Main.storyboard */,
				4A65A4E020402EDA00C6B386 /* Assets.xcassets */,
				4A65A4E220402EDA00C6B386 /* LaunchScreen.storyboard */,
				4A65A4E520402EDA00C6B386 /* Info.plist */,
			);
			path = udder;
			sourceTree = "<group>";
		};
/* End PBXGroup section */

/* Begin PBXNativeTarget section */
		4A65A4D520402EDA00C6B386 /* udder */ = {
			isa = PBXNativeTarget;
			buildConfigurationList = 4A65A4E820402EDA00C6B386 /* Build configuration list for PBXNativeTarget "udder" */;
			buildPhases = (
				4A65A4D220402EDA00C6B386 /* Sources */,
				4A65A4D320402EDA00C6B386 /* Frameworks */,
				4A65A4D420402EDA00C6B386 /* Resources */,
			);
			buildRules = (
			);
			dependencies = (
			);
			name = udder;
			productName = udder;
			productReference = 4A65A4D620402EDA00C6B386 /* udder.app */;
			productType = "com.apple.product-type.application";
		};
/* End PBXNativeTarget section */

/* Begin PBXProject section */
		4A65A4CE20402EDA00C6B386 /* Project object */ = {
			isa = PBXProject;
			attributes = {
				LastSwiftUpdateCheck = 0920;
				LastUpgradeCheck = 0920;
				ORGANIZATIONNAME = "Ahmed Yacoub";
				TargetAttributes = {
					4A65A4D520402EDA00C6B386 = {
						CreatedOnToolsVersion = 9.2;
						ProvisioningStyle = Automatic;
					};
				};
			};
			buildConfigurationList = 4A65A4D120402EDA00C6B386 /* Build configuration list for PBXProject "udder" */;
			compatibilityVersion = "Xcode 8.0";
			developmentRegion = en;
			hasScannedForEncodings = 0;
			knownRegions = (
				en,
				Base,
			);
			mainGroup = 4A65A4CD20402EDA00C6B386;
			productRefGroup = 4A65A4D720402EDA00C6B386 /* Products */;
			projectDirPath = "";
			projectRoot = "";
			targets = (
				4A65A4D520402EDA00C6B386 /* udder */,
			);
		};
/* End PBXProject section */

/* Begin PBXResourcesBuildPhase section */
		4A65A4D420402EDA00C6B386 /* Resources */ = {
			isa = PBXResourcesBuildPhase;
			buildActionMask = 2147483647;
			files = (
				4A65A4E420402EDA00C6B386 /* LaunchScreen.storyboard in Resources */,
				4A65A4E120402EDA00C6B386 /* Assets.xcassets in Resources */,
				4A65A4DF20402EDA00C6B386 /* Main.storyboard in Resources */,
			);
			runOnlyForDeploymentPostprocessing = 0;
		};
/* End PBXResourcesBuildPhase section */

/* Begin PBXSourcesBuildPhase section */
		4A65A4D220402EDA00C6B386 /* Sources */ = {
			isa = PBXSourcesBuildPhase;
			buildActionMask = 2147483647;
			files = (
				4A65A4DC20402EDA00C6B386 /* ViewController.swift in Sources */,
				4A65A4DA20402EDA00C6B386 /* AppDelegate.swift in Sources */,
			);
			runOnlyForDeploymentPostprocessing = 0;
		};
/* End PBXSourcesBuildPhase section */

/* Begin PBXVariantGroup section */
		4A65A4DD20402EDA00C6B386 /* Main.storyboard */ = {
			isa = PBXVariantGroup;
			children = (
				4A65A4DE20402EDA00C6B386 /* Base */,
			);
			name = Main.storyboard;
			sourceTree = "<group>";
		};
		4A65A4E220402EDA00C6B386 /* LaunchScreen.storyboard */ = {
			isa = PBXVariantGroup;
			children = (
				4A65A4E320402EDA00C6B386 /* Base */,
			);
			name = LaunchScreen.storyboard;
			sourceTree = "<group>";
		};
/* End PBXVariantGroup section */

/* Begin XCBuildConfiguration section */
		4A65A4E620402EDA00C6B386 /* Debug */ = {
			isa = XCBuildConfiguration;
			buildSettings = {
				ALWAYS_SEARCH_USER_PATHS = NO;
				CLANG_ANALYZER_NONNULL = YES;
				CLANG_ANALYZER_NUMBER_OBJECT_CONVERSION = YES_AGGRESSIVE;
				CLANG_CXX_LANGUAGE_STANDARD = "gnu++14";
				CLANG_CXX_LIBRARY = "libc++";
				CLANG_ENABLE_MODULES = YES;
				CLANG_ENABLE_OBJC_ARC = YES;
				CLANG_WARN_BLOCK_CAPTURE_AUTORELEASING = YES;
				CLANG_WARN_BOOL_CONVERSION = YES;
				CLANG_WARN_COMMA = YES;
				CLANG_WARN_CONSTANT_CONVERSION = YES;
				CLANG_WARN_DIRECT_OBJC_ISA_USAGE = YES_ERROR;
				CLANG_WARN_DOCUMENTATION_COMMENTS = YES;
				CLANG_WARN_EMPTY_BODY = YES;
				CLANG_WARN_ENUM_CONVERSION = YES;
				CLANG_WARN_INFINITE_RECURSION = YES;
				CLANG_WARN_INT_CONVERSION = YES;
				CLANG_WARN_NON_LITERAL_NULL_CONVERSION = YES;
				CLANG_WARN_OBJC_LITERAL_CONVERSION = YES;
				CLANG_WARN_OBJC_ROOT_CLASS = YES_ERROR;
				CLANG_WARN_RANGE_LOOP_ANALYSIS = YES;
				CLANG_WARN_STRICT_PROTOTYPES = YES;
				CLANG_WARN_SUSPICIOUS_MOVE = YES;
				CLANG_WARN_UNGUARDED_AVAILABILITY = YES_AGGRESSIVE;
				CLANG_WARN_UNREACHABLE_CODE = YES;
				CLANG_WARN__DUPLICATE_METHOD_MATCH = YES;
				CODE_SIGN_IDENTITY = "iPhone Developer";
				COPY_PHASE_STRIP = NO;
				DEBUG_INFORMATION_FORMAT = dwarf;
				ENABLE_STRICT_OBJC_MSGSEND = YES;
				ENABLE_TESTABILITY = YES;
				GCC_C_LANGUAGE_STANDARD = gnu11;
				GCC_DYNAMIC_NO_PIC = NO;
				GCC_NO_COMMON_BLOCKS = YES;
				GCC_OPTIMIZATION_LEVEL = 0;
				GCC_PREPROCESSOR_DEFINITIONS = (
					"DEBUG=1",
					"$(inherited)",
				);
				GCC_WARN_64_TO_32_BIT_CONVERSION = YES;
				GCC_WARN_ABOUT_RETURN_TYPE = YES_ERROR;
				GCC_WARN_UNDECLARED_SELECTOR = YES;
				GCC_WARN_UNINITIALIZED_AUTOS = YES_AGGRESSIVE;
				GCC_WARN_UNUSED_FUNCTION = YES;
				GCC_WARN_UNUSED_VARIABLE = YES;
				IPHONEOS_DEPLOYMENT_TARGET = 11.2;
				MTL_ENABLE_DEBUG_INFO = YES;
				ONLY_ACTIVE_ARCH = YES;
				SDKROOT = iphoneos;
				SWIFT_ACTIVE_COMPILATION_CONDITIONS = DEBUG;
				SWIFT_OPTIMIZATION_LEVEL = "-Onone";
			};
			name = Debug;
		};
		4A65A4E720402EDA00C6B386 /* Release */ = {
			isa = XCBuildConfiguration;
			buildSettings = {
				ALWAYS_SEARCH_USER_PATHS = NO;
				CLANG_ANALYZER_NONNULL = YES;
				CLANG_ANALYZER_NUMBER_OBJECT_CONVERSION = YES_AGGRESSIVE;
				CLANG_CXX_LANGUAGE_STANDARD = "gnu++14";
				CLANG_CXX_LIBRARY = "libc++";
				CLANG_ENABLE_MODULES = YES;
				CLANG_ENABLE_OBJC_ARC = YES;
				CLANG_WARN_BLOCK_CAPTURE_AUTORELEASING = YES;
				CLANG_WARN_BOOL_CONVERSION = YES;
				CLANG_WARN_COMMA = YES;
				CLANG_WARN_CONSTANT_CONVERSION = YES;
				CLANG_WARN_DIRECT_OBJC_ISA_USAGE = YES_ERROR;
				CLANG_WARN_DOCUMENTATION_COMMENTS = YES;
				CLANG_WARN_EMPTY_BODY = YES;
				CLANG_WARN_ENUM_CONVERSION = YES;
				CLANG_WARN_INFINITE_RECURSION = YES;
				CLANG_WARN_INT_CONVERSION = YES;
				CLANG_WARN_NON_LITERAL_NULL_CONVERSION = YES;
				CLANG_WARN_OBJC_LITERAL_CONVERSION = YES;
				CLANG_WARN_OBJC_ROOT_CLASS = YES_ERROR;
				CLANG_WARN_RANGE_LOOP_ANALYSIS = YES;
				CLANG_WARN_STRICT_PROTOTYPES = YES;
				CLANG_WARN_SUSPICIOUS_MOVE = YES;
				CLANG_WARN_UNGUARDED_AVAILABILITY = YES_AGGRESSIVE;
				CLANG_WARN_UNREACHABLE_CODE = YES;
				CLANG_WARN__DUPLICATE_METHOD_MATCH = YES;
				CODE_SIGN_IDENTITY = "iPhone Developer";
				COPY_PHASE_STRIP = NO;
				DEBUG_INFORMATION_FORMAT = "dwarf-with-dsym";
				ENABLE_NS_ASSERTIONS = NO;
				ENABLE_STRICT_OBJC_MSGSEND = YES;
				GCC_C_LANGUAGE_STANDARD = gnu11;
				GCC_NO_COMMON_BLOCKS = YES;
				GCC_WARN_64_TO_32_BIT_CONVERSION = YES;
				GCC_WARN_ABOUT_RETURN_TYPE = YES_ERROR;
				GCC_WARN_UNDECLARED_SELECTOR = YES;
				GCC_WARN_UNINITIALIZED_AUTOS = YES_AGGRESSIVE;
				GCC_WARN_UNUSED_FUNCTION = YES;
				GCC_WARN_UNUSED_VARIABLE = YES;
				IPHONEOS_DEPLOYMENT_TARGET = 11.2;
				MTL_ENABLE_DEBUG_INFO = NO;
				SDKROOT = iphoneos;
				SWIFT_OPTIMIZATION_LEVEL = "-Owholemodule";
				VALIDATE_PRODUCT = YES;
			};
			name = Release;
		};
		4A65A4E920402EDA00C6B386 /* Debug */ = {
			isa = XCBuildConfiguration;
			buildSettings = {
				ASSETCATALOG_COMPILER_APPICON_NAME = AppIcon;
				CODE_SIGN_STYLE = Automatic;
				DEVELOPMENT_TEAM = AM7C3K77HF;
				INFOPLIST_FILE = udder/Info.plist;
				LD_RUNPATH_SEARCH_PATHS = "$(inherited) @executable_path/Frameworks";
				PRODUCT_BUNDLE_IDENTIFIER = com.AhmedYacoub.udder;
				PRODUCT_NAME = "$(TARGET_NAME)";
				SWIFT_VERSION = 4.0;
				TARGETED_DEVICE_FAMILY = "1,2";
			};
			name = Debug;
		};
		4A65A4EA20402EDA00C6B386 /* Release */ = {
			isa = XCBuildConfiguration;
			buildSettings = {
				ASSETCATALOG_COMPILER_APPICON_NAME = AppIcon;
				CODE_SIGN_STYLE = Automatic;
				DEVELOPMENT_TEAM = AM7C3K77HF;
				INFOPLIST_FILE = udder/Info.plist;
				LD_RUNPATH_SEARCH_PATHS = "$(inherited) @executable_path/Frameworks";
				PRODUCT_BUNDLE_IDENTIFIER = com.AhmedYacoub.udder;
				PRODUCT_NAME = "$(TARGET_NAME)";
				SWIFT_VERSION = 4.0;
				TARGETED_DEVICE_FAMILY = "1,2";
			};
			name = Release;
		};
/* End XCBuildConfiguration section */

/* Begin XCConfigurationList section */
		4A65A4D120402EDA00C6B386 /* Build configuration list for PBXProject "udder" */ = {
			isa = XCConfigurationList;
			buildConfigurations = (
				4A65A4E620402EDA00C6B386 /* Debug */,
				4A65A4E720402EDA00C6B386 /* Release */,
			);
			defaultConfigurationIsVisible = 0;
			defaultConfigurationName = Release;
		};
		4A65A4E820402EDA00C6B386 /* Build configuration list for PBXNativeTarget "udder" */ = {
			isa = XCConfigurationList;
			buildConfigurations = (
				4A65A4E920402EDA00C6B386 /* Debug */,
				4A65A4EA20402EDA00C6B386 /* Release */,
			);
			defaultConfigurationIsVisible = 0;
			defaultConfigurationName = Release;
		};
/* End XCConfigurationList section */
	};
	rootObject = 4A65A4CE20402EDA00C6B386 /* Project object */;
}
